// !$*UTF8*$!
{
	archiveVersion = 1;
	classes = {
	};
	objectVersion = 48;
	objects = {

/* Begin PBXBuildFile section */
		4C7D60331FC178FC00BD7FC1 /* export.xml in Resources */ = {isa = PBXBuildFile; fileRef = 4C7D60321FC178FC00BD7FC1 /* export.xml */; };
		4C8B9FD31FB1D757007C2D4F /* AppDelegate.swift in Sources */ = {isa = PBXBuildFile; fileRef = 4C8B9FD21FB1D757007C2D4F /* AppDelegate.swift */; };
		4C8B9FD51FB1D757007C2D4F /* ViewController.swift in Sources */ = {isa = PBXBuildFile; fileRef = 4C8B9FD41FB1D757007C2D4F /* ViewController.swift */; };
		4C8B9FD81FB1D757007C2D4F /* Main.storyboard in Resources */ = {isa = PBXBuildFile; fileRef = 4C8B9FD61FB1D757007C2D4F /* Main.storyboard */; };
		4C8B9FDD1FB1D757007C2D4F /* Assets.xcassets in Resources */ = {isa = PBXBuildFile; fileRef = 4C8B9FDC1FB1D757007C2D4F /* Assets.xcassets */; };
		4C8B9FE01FB1D757007C2D4F /* LaunchScreen.storyboard in Resources */ = {isa = PBXBuildFile; fileRef = 4C8B9FDE1FB1D757007C2D4F /* LaunchScreen.storyboard */; };
		4C8BA0041FB1D921007C2D4F /* Importer.swift in Sources */ = {isa = PBXBuildFile; fileRef = 4C8BA0031FB1D921007C2D4F /* Importer.swift */; };
		4C8BA00A1FB1EA45007C2D4F /* HealthKit.framework in Frameworks */ = {isa = PBXBuildFile; fileRef = 4C8BA0091FB1EA45007C2D4F /* HealthKit.framework */; };
		4DFB0F17247DB00B00D61E7F /* HKWorkoutActivityType+Name.swift in Sources */ = {isa = PBXBuildFile; fileRef = 4DFB0F16247DB00B00D61E7F /* HKWorkoutActivityType+Name.swift */; };
		4DFB0F19247E164200D61E7F /* Constants.swift in Sources */ = {isa = PBXBuildFile; fileRef = 4DFB0F18247E164200D61E7F /* Constants.swift */; };
/* End PBXBuildFile section */

/* Begin PBXFileReference section */
		4C7D60321FC178FC00BD7FC1 /* export.xml */ = {isa = PBXFileReference; fileEncoding = 4; lastKnownFileType = text.xml; path = export.xml; sourceTree = "<group>"; };
		4C8B9FCF1FB1D757007C2D4F /* HKImport.app */ = {isa = PBXFileReference; explicitFileType = wrapper.application; includeInIndex = 0; path = HKImport.app; sourceTree = BUILT_PRODUCTS_DIR; };
		4C8B9FD21FB1D757007C2D4F /* AppDelegate.swift */ = {isa = PBXFileReference; lastKnownFileType = sourcecode.swift; path = AppDelegate.swift; sourceTree = "<group>"; };
		4C8B9FD41FB1D757007C2D4F /* ViewController.swift */ = {isa = PBXFileReference; lastKnownFileType = sourcecode.swift; path = ViewController.swift; sourceTree = "<group>"; };
		4C8B9FD71FB1D757007C2D4F /* Base */ = {isa = PBXFileReference; lastKnownFileType = file.storyboard; name = Base; path = Base.lproj/Main.storyboard; sourceTree = "<group>"; };
		4C8B9FDC1FB1D757007C2D4F /* Assets.xcassets */ = {isa = PBXFileReference; lastKnownFileType = folder.assetcatalog; path = Assets.xcassets; sourceTree = "<group>"; };
		4C8B9FDF1FB1D757007C2D4F /* Base */ = {isa = PBXFileReference; lastKnownFileType = file.storyboard; name = Base; path = Base.lproj/LaunchScreen.storyboard; sourceTree = "<group>"; };
		4C8B9FE11FB1D757007C2D4F /* Info.plist */ = {isa = PBXFileReference; lastKnownFileType = text.plist.xml; path = Info.plist; sourceTree = "<group>"; };
		4C8BA0031FB1D921007C2D4F /* Importer.swift */ = {isa = PBXFileReference; lastKnownFileType = sourcecode.swift; path = Importer.swift; sourceTree = "<group>"; };
		4C8BA0071FB1EA45007C2D4F /* HKImport.entitlements */ = {isa = PBXFileReference; lastKnownFileType = text.plist.entitlements; path = HKImport.entitlements; sourceTree = "<group>"; };
		4C8BA0091FB1EA45007C2D4F /* HealthKit.framework */ = {isa = PBXFileReference; lastKnownFileType = wrapper.framework; name = HealthKit.framework; path = System/Library/Frameworks/HealthKit.framework; sourceTree = SDKROOT; };
		4DFB0F16247DB00B00D61E7F /* HKWorkoutActivityType+Name.swift */ = {isa = PBXFileReference; fileEncoding = 4; lastKnownFileType = sourcecode.swift; path = "HKWorkoutActivityType+Name.swift"; sourceTree = "<group>"; };
		4DFB0F18247E164200D61E7F /* Constants.swift */ = {isa = PBXFileReference; lastKnownFileType = sourcecode.swift; path = Constants.swift; sourceTree = "<group>"; };
/* End PBXFileReference section */

/* Begin PBXFrameworksBuildPhase section */
		4C8B9FCC1FB1D757007C2D4F /* Frameworks */ = {
			isa = PBXFrameworksBuildPhase;
			buildActionMask = 2147483647;
			files = (
				4C8BA00A1FB1EA45007C2D4F /* HealthKit.framework in Frameworks */,
			);
			runOnlyForDeploymentPostprocessing = 0;
		};
/* End PBXFrameworksBuildPhase section */

/* Begin PBXGroup section */
		4C8B9FC61FB1D757007C2D4F = {
			isa = PBXGroup;
			children = (
				4C8B9FD11FB1D757007C2D4F /* HKImport */,
				4D280C19247B80D500D9162E /* Data */,
				4C8B9FD01FB1D757007C2D4F /* Products */,
				4C8BA0081FB1EA45007C2D4F /* Frameworks */,
			);
			sourceTree = "<group>";
		};
		4C8B9FD01FB1D757007C2D4F /* Products */ = {
			isa = PBXGroup;
			children = (
				4C8B9FCF1FB1D757007C2D4F /* HKImport.app */,
			);
			name = Products;
			sourceTree = "<group>";
		};
		4C8B9FD11FB1D757007C2D4F /* HKImport */ = {
			isa = PBXGroup;
			children = (
				4C8B9FD21FB1D757007C2D4F /* AppDelegate.swift */,
				4C8B9FDC1FB1D757007C2D4F /* Assets.xcassets */,
				4DFB0F18247E164200D61E7F /* Constants.swift */,
				4C8BA0071FB1EA45007C2D4F /* HKImport.entitlements */,
				4DFB0F16247DB00B00D61E7F /* HKWorkoutActivityType+Name.swift */,
				4C8BA0031FB1D921007C2D4F /* Importer.swift */,
				4C8B9FE11FB1D757007C2D4F /* Info.plist */,
				4C8B9FDE1FB1D757007C2D4F /* LaunchScreen.storyboard */,
				4C8B9FD61FB1D757007C2D4F /* Main.storyboard */,
				4C8B9FD41FB1D757007C2D4F /* ViewController.swift */,
			);
			path = HKImport;
			sourceTree = "<group>";
		};
		4C8BA0081FB1EA45007C2D4F /* Frameworks */ = {
			isa = PBXGroup;
			children = (
				4C8BA0091FB1EA45007C2D4F /* HealthKit.framework */,
			);
			name = Frameworks;
			sourceTree = "<group>";
		};
		4D280C19247B80D500D9162E /* Data */ = {
			isa = PBXGroup;
			children = (
				4C7D60321FC178FC00BD7FC1 /* export.xml */,
			);
			path = Data;
			sourceTree = "<group>";
		};
/* End PBXGroup section */

/* Begin PBXNativeTarget section */
		4C8B9FCE1FB1D757007C2D4F /* HKImport */ = {
			isa = PBXNativeTarget;
			buildConfigurationList = 4C8B9FFA1FB1D757007C2D4F /* Build configuration list for PBXNativeTarget "HKImport" */;
			buildPhases = (
				4C8B9FCB1FB1D757007C2D4F /* Sources */,
				4C8B9FCC1FB1D757007C2D4F /* Frameworks */,
				4C8B9FCD1FB1D757007C2D4F /* Resources */,
				4D280C18247B7A2200D9162E /* ShellScript */,
			);
			buildRules = (
			);
			dependencies = (
			);
			name = HKImport;
			productName = HealthKitImporter;
			productReference = 4C8B9FCF1FB1D757007C2D4F /* HKImport.app */;
			productType = "com.apple.product-type.application";
		};
/* End PBXNativeTarget section */

/* Begin PBXProject section */
		4C8B9FC71FB1D757007C2D4F /* Project object */ = {
			isa = PBXProject;
			attributes = {
				LastSwiftUpdateCheck = 0900;
				LastUpgradeCheck = 1300;
				ORGANIZATIONNAME = "boaz saragossi";
				TargetAttributes = {
					4C8B9FCE1FB1D757007C2D4F = {
						CreatedOnToolsVersion = 9.0;
						LastSwiftMigration = 1150;
						ProvisioningStyle = Automatic;
						SystemCapabilities = {
							com.apple.HealthKit = {
								enabled = 1;
							};
						};
					};
				};
			};
			buildConfigurationList = 4C8B9FCA1FB1D757007C2D4F /* Build configuration list for PBXProject "HKImport" */;
			compatibilityVersion = "Xcode 8.0";
			developmentRegion = en;
			hasScannedForEncodings = 0;
			knownRegions = (
				en,
				Base,
			);
			mainGroup = 4C8B9FC61FB1D757007C2D4F;
			productRefGroup = 4C8B9FD01FB1D757007C2D4F /* Products */;
			projectDirPath = "";
			projectRoot = "";
			targets = (
				4C8B9FCE1FB1D757007C2D4F /* HKImport */,
			);
		};
/* End PBXProject section */

/* Begin PBXResourcesBuildPhase section */
		4C8B9FCD1FB1D757007C2D4F /* Resources */ = {
			isa = PBXResourcesBuildPhase;
			buildActionMask = 2147483647;
			files = (
				4C8B9FE01FB1D757007C2D4F /* LaunchScreen.storyboard in Resources */,
				4C8B9FDD1FB1D757007C2D4F /* Assets.xcassets in Resources */,
				4C8B9FD81FB1D757007C2D4F /* Main.storyboard in Resources */,
				4C7D60331FC178FC00BD7FC1 /* export.xml in Resources */,
			);
			runOnlyForDeploymentPostprocessing = 0;
		};
/* End PBXResourcesBuildPhase section */

/* Begin PBXShellScriptBuildPhase section */
		4D280C18247B7A2200D9162E /* ShellScript */ = {
			isa = PBXShellScriptBuildPhase;
			buildActionMask = 2147483647;
			files = (
			);
			inputFileListPaths = (
			);
			inputPaths = (
			);
			outputFileListPaths = (
			);
			outputPaths = (
			);
			runOnlyForDeploymentPostprocessing = 0;
			shellPath = /bin/sh;
			shellScript = "# Type a script or drag a script file from your workspace to insert its path.\n/usr/local/bin/swiftlint\n";
		};
/* End PBXShellScriptBuildPhase section */

/* Begin PBXSourcesBuildPhase section */
		4C8B9FCB1FB1D757007C2D4F /* Sources */ = {
			isa = PBXSourcesBuildPhase;
			buildActionMask = 2147483647;
			files = (
				4DFB0F19247E164200D61E7F /* Constants.swift in Sources */,
				4DFB0F17247DB00B00D61E7F /* HKWorkoutActivityType+Name.swift in Sources */,
				4C8BA0041FB1D921007C2D4F /* Importer.swift in Sources */,
				4C8B9FD51FB1D757007C2D4F /* ViewController.swift in Sources */,
				4C8B9FD31FB1D757007C2D4F /* AppDelegate.swift in Sources */,
			);
			runOnlyForDeploymentPostprocessing = 0;
		};
/* End PBXSourcesBuildPhase section */

/* Begin PBXVariantGroup section */
		4C8B9FD61FB1D757007C2D4F /* Main.storyboard */ = {
			isa = PBXVariantGroup;
			children = (
				4C8B9FD71FB1D757007C2D4F /* Base */,
			);
			name = Main.storyboard;
			sourceTree = "<group>";
		};
		4C8B9FDE1FB1D757007C2D4F /* LaunchScreen.storyboard */ = {
			isa = PBXVariantGroup;
			children = (
				4C8B9FDF1FB1D757007C2D4F /* Base */,
			);
			name = LaunchScreen.storyboard;
			sourceTree = "<group>";
		};
/* End PBXVariantGroup section */

/* Begin XCBuildConfiguration section */
		4C8B9FF81FB1D757007C2D4F /* Debug */ = {
			isa = XCBuildConfiguration;
			buildSettings = {
				ALWAYS_SEARCH_USER_PATHS = NO;
				CLANG_ANALYZER_NONNULL = YES;
				CLANG_ANALYZER_NUMBER_OBJECT_CONVERSION = YES_AGGRESSIVE;
				CLANG_CXX_LANGUAGE_STANDARD = "gnu++14";
				CLANG_CXX_LIBRARY = "libc++";
				CLANG_ENABLE_MODULES = YES;
				CLANG_ENABLE_OBJC_ARC = YES;
				CLANG_WARN_BLOCK_CAPTURE_AUTORELEASING = YES;
				CLANG_WARN_BOOL_CONVERSION = YES;
				CLANG_WARN_COMMA = YES;
				CLANG_WARN_CONSTANT_CONVERSION = YES;
				CLANG_WARN_DEPRECATED_OBJC_IMPLEMENTATIONS = YES;
				CLANG_WARN_DIRECT_OBJC_ISA_USAGE = YES_ERROR;
				CLANG_WARN_DOCUMENTATION_COMMENTS = YES;
				CLANG_WARN_EMPTY_BODY = YES;
				CLANG_WARN_ENUM_CONVERSION = YES;
				CLANG_WARN_INFINITE_RECURSION = YES;
				CLANG_WARN_INT_CONVERSION = YES;
				CLANG_WARN_NON_LITERAL_NULL_CONVERSION = YES;
				CLANG_WARN_OBJC_IMPLICIT_RETAIN_SELF = YES;
				CLANG_WARN_OBJC_LITERAL_CONVERSION = YES;
				CLANG_WARN_OBJC_ROOT_CLASS = YES_ERROR;
				CLANG_WARN_QUOTED_INCLUDE_IN_FRAMEWORK_HEADER = YES;
				CLANG_WARN_RANGE_LOOP_ANALYSIS = YES;
				CLANG_WARN_STRICT_PROTOTYPES = YES;
				CLANG_WARN_SUSPICIOUS_MOVE = YES;
				CLANG_WARN_UNGUARDED_AVAILABILITY = YES_AGGRESSIVE;
				CLANG_WARN_UNREACHABLE_CODE = YES;
				CLANG_WARN__DUPLICATE_METHOD_MATCH = YES;
				CODE_SIGN_IDENTITY = "iPhone Developer";
				COPY_PHASE_STRIP = NO;
				DEBUG_INFORMATION_FORMAT = dwarf;
				ENABLE_STRICT_OBJC_MSGSEND = YES;
				ENABLE_TESTABILITY = YES;
				GCC_C_LANGUAGE_STANDARD = gnu11;
				GCC_DYNAMIC_NO_PIC = NO;
				GCC_NO_COMMON_BLOCKS = YES;
				GCC_OPTIMIZATION_LEVEL = 0;
				GCC_PREPROCESSOR_DEFINITIONS = (
					"DEBUG=1",
					"$(inherited)",
				);
				GCC_WARN_64_TO_32_BIT_CONVERSION = YES;
				GCC_WARN_ABOUT_RETURN_TYPE = YES_ERROR;
				GCC_WARN_UNDECLARED_SELECTOR = YES;
				GCC_WARN_UNINITIALIZED_AUTOS = YES_AGGRESSIVE;
				GCC_WARN_UNUSED_FUNCTION = YES;
				GCC_WARN_UNUSED_VARIABLE = YES;
				IPHONEOS_DEPLOYMENT_TARGET = 12.0;
				MTL_ENABLE_DEBUG_INFO = YES;
				ONLY_ACTIVE_ARCH = YES;
				SDKROOT = iphoneos;
				SWIFT_ACTIVE_COMPILATION_CONDITIONS = DEBUG;
				SWIFT_OPTIMIZATION_LEVEL = "-Onone";
			};
			name = Debug;
		};
		4C8B9FF91FB1D757007C2D4F /* Release */ = {
			isa = XCBuildConfiguration;
			buildSettings = {
				ALWAYS_SEARCH_USER_PATHS = NO;
				CLANG_ANALYZER_NONNULL = YES;
				CLANG_ANALYZER_NUMBER_OBJECT_CONVERSION = YES_AGGRESSIVE;
				CLANG_CXX_LANGUAGE_STANDARD = "gnu++14";
				CLANG_CXX_LIBRARY = "libc++";
				CLANG_ENABLE_MODULES = YES;
				CLANG_ENABLE_OBJC_ARC = YES;
				CLANG_WARN_BLOCK_CAPTURE_AUTORELEASING = YES;
				CLANG_WARN_BOOL_CONVERSION = YES;
				CLANG_WARN_COMMA = YES;
				CLANG_WARN_CONSTANT_CONVERSION = YES;
				CLANG_WARN_DEPRECATED_OBJC_IMPLEMENTATIONS = YES;
				CLANG_WARN_DIRECT_OBJC_ISA_USAGE = YES_ERROR;
				CLANG_WARN_DOCUMENTATION_COMMENTS = YES;
				CLANG_WARN_EMPTY_BODY = YES;
				CLANG_WARN_ENUM_CONVERSION = YES;
				CLANG_WARN_INFINITE_RECURSION = YES;
				CLANG_WARN_INT_CONVERSION = YES;
				CLANG_WARN_NON_LITERAL_NULL_CONVERSION = YES;
				CLANG_WARN_OBJC_IMPLICIT_RETAIN_SELF = YES;
				CLANG_WARN_OBJC_LITERAL_CONVERSION = YES;
				CLANG_WARN_OBJC_ROOT_CLASS = YES_ERROR;
				CLANG_WARN_QUOTED_INCLUDE_IN_FRAMEWORK_HEADER = YES;
				CLANG_WARN_RANGE_LOOP_ANALYSIS = YES;
				CLANG_WARN_STRICT_PROTOTYPES = YES;
				CLANG_WARN_SUSPICIOUS_MOVE = YES;
				CLANG_WARN_UNGUARDED_AVAILABILITY = YES_AGGRESSIVE;
				CLANG_WARN_UNREACHABLE_CODE = YES;
				CLANG_WARN__DUPLICATE_METHOD_MATCH = YES;
				CODE_SIGN_IDENTITY = "iPhone Developer";
				COPY_PHASE_STRIP = NO;
				DEBUG_INFORMATION_FORMAT = "dwarf-with-dsym";
				ENABLE_NS_ASSERTIONS = NO;
				ENABLE_STRICT_OBJC_MSGSEND = YES;
				GCC_C_LANGUAGE_STANDARD = gnu11;
				GCC_NO_COMMON_BLOCKS = YES;
				GCC_WARN_64_TO_32_BIT_CONVERSION = YES;
				GCC_WARN_ABOUT_RETURN_TYPE = YES_ERROR;
				GCC_WARN_UNDECLARED_SELECTOR = YES;
				GCC_WARN_UNINITIALIZED_AUTOS = YES_AGGRESSIVE;
				GCC_WARN_UNUSED_FUNCTION = YES;
				GCC_WARN_UNUSED_VARIABLE = YES;
				IPHONEOS_DEPLOYMENT_TARGET = 12.0;
				MTL_ENABLE_DEBUG_INFO = NO;
				SDKROOT = iphoneos;
				SWIFT_OPTIMIZATION_LEVEL = "-Owholemodule";
				VALIDATE_PRODUCT = YES;
			};
			name = Release;
		};
		4C8B9FFB1FB1D757007C2D4F /* Debug */ = {
			isa = XCBuildConfiguration;
			buildSettings = {
				ASSETCATALOG_COMPILER_APPICON_NAME = AppIcon;
				CODE_SIGN_ENTITLEMENTS = HKImport/HKImport.entitlements;
				CODE_SIGN_STYLE = Automatic;
				DEVELOPMENT_TEAM = Q25LVLEHFB;
				INFOPLIST_FILE = HKImport/Info.plist;
				LD_RUNPATH_SEARCH_PATHS = "$(inherited) @executable_path/Frameworks";
				PRODUCT_BUNDLE_IDENTIFIER = io.entire.hkimport;
				PRODUCT_NAME = HKImport;
				SWIFT_VERSION = 5.0;
				TARGETED_DEVICE_FAMILY = 1;
			};
			name = Debug;
		};
		4C8B9FFC1FB1D757007C2D4F /* Release */ = {
			isa = XCBuildConfiguration;
			buildSettings = {
				ASSETCATALOG_COMPILER_APPICON_NAME = AppIcon;
				CODE_SIGN_ENTITLEMENTS = HKImport/HKImport.entitlements;
				CODE_SIGN_STYLE = Automatic;
				DEVELOPMENT_TEAM = Q25LVLEHFB;
				INFOPLIST_FILE = HKImport/Info.plist;
				LD_RUNPATH_SEARCH_PATHS = "$(inherited) @executable_path/Frameworks";
				PRODUCT_BUNDLE_IDENTIFIER = io.entire.hkimport;
				PRODUCT_NAME = HKImport;
				SWIFT_VERSION = 5.0;
				TARGETED_DEVICE_FAMILY = 1;
			};
			name = Release;
		};
/* End XCBuildConfiguration section */

/* Begin XCConfigurationList section */
		4C8B9FCA1FB1D757007C2D4F /* Build configuration list for PBXProject "HKImport" */ = {
			isa = XCConfigurationList;
			buildConfigurations = (
				4C8B9FF81FB1D757007C2D4F /* Debug */,
				4C8B9FF91FB1D757007C2D4F /* Release */,
			);
			defaultConfigurationIsVisible = 0;
			defaultConfigurationName = Release;
		};
		4C8B9FFA1FB1D757007C2D4F /* Build configuration list for PBXNativeTarget "HKImport" */ = {
			isa = XCConfigurationList;
			buildConfigurations = (
				4C8B9FFB1FB1D757007C2D4F /* Debug */,
				4C8B9FFC1FB1D757007C2D4F /* Release */,
			);
			defaultConfigurationIsVisible = 0;
			defaultConfigurationName = Release;
		};
/* End XCConfigurationList section */
	};
	rootObject = 4C8B9FC71FB1D757007C2D4F /* Project object */;
}
